{
  "name": "@leuchtturm/turboprop",
  "version": "0.1.1",
  "lockfileVersion": 3,
  "requires": true,
  "packages": {
    "": {
      "name": "@leuchtturm/turboprop",
      "version": "0.1.1",
      "license": "MIT",
      "dependencies": {
        "@zag-js/dialog": "^0.56.0",
        "@zag-js/menu": "^0.56.0",
        "@zag-js/types": "^0.56.0"
      }
    },
    "node_modules/@floating-ui/core": {
      "version": "1.6.2",
      "resolved": "https://registry.npmjs.org/@floating-ui/core/-/core-1.6.2.tgz",
      "integrity": "sha512-+2XpQV9LLZeanU4ZevzRnGFg2neDeKHgFLjP6YLW+tly0IvrhqT4u8enLGjLH3qeh85g19xY5rsAusfwTdn5lg==",
      "dependencies": {
        "@floating-ui/utils": "^0.2.0"
      }
    },
    "node_modules/@floating-ui/dom": {
      "version": "1.6.5",
      "resolved": "https://registry.npmjs.org/@floating-ui/dom/-/dom-1.6.5.tgz",
      "integrity": "sha512-Nsdud2X65Dz+1RHjAIP0t8z5e2ff/IRbei6BqFrl1urT8sDVzM1HMQ+R0XcU5ceRfyO3I6ayeqIfh+6Wb8LGTw==",
      "dependencies": {
        "@floating-ui/core": "^1.0.0",
        "@floating-ui/utils": "^0.2.0"
      }
    },
    "node_modules/@floating-ui/utils": {
      "version": "0.2.2",
      "resolved": "https://registry.npmjs.org/@floating-ui/utils/-/utils-0.2.2.tgz",
      "integrity": "sha512-J4yDIIthosAsRZ5CPYP/jQvUAQtlZTTD/4suA08/FEnlxqW3sKS9iAhgsa9VYLZ6vDHn/ixJgIqRQPotoBjxIw=="
    },
    "node_modules/@zag-js/anatomy": {
      "version": "0.56.0",
      "resolved": "https://registry.npmjs.org/@zag-js/anatomy/-/anatomy-0.56.0.tgz",
      "integrity": "sha512-jo1FS3P4ysiUNqpEtO+B9HEIx1bndp0EfzD0uA/0K+5erA9HcBcL+K/deStRjH1Ueg/+E/DTCXmazoh9U5uyVQ=="
    },
    "node_modules/@zag-js/aria-hidden": {
      "version": "0.56.0",
      "resolved": "https://registry.npmjs.org/@zag-js/aria-hidden/-/aria-hidden-0.56.0.tgz",
      "integrity": "sha512-D0k1FubJ9FeqbtEjWr2JQYBQMfIKm8y6yKcXLcN31bJJuo3QuFcsj8islAcE2gi+QHvPM6/jUaHUwWL5D8J8Nw==",
      "dependencies": {
        "@zag-js/dom-query": "0.56.0"
      }
    },
    "node_modules/@zag-js/core": {
      "version": "0.56.0",
      "resolved": "https://registry.npmjs.org/@zag-js/core/-/core-0.56.0.tgz",
      "integrity": "sha512-bZythCX2iCvLf8lMbFwJcFs7J3b3SJEQY4NHVtsmY39fO/Mrya2rQJdq6vyNpBjyJNINTHujuaHmEk6xerWWDg==",
      "dependencies": {
        "@zag-js/store": "0.56.0",
        "klona": "2.0.6"
      }
    },
    "node_modules/@zag-js/dialog": {
      "version": "0.56.0",
      "resolved": "https://registry.npmjs.org/@zag-js/dialog/-/dialog-0.56.0.tgz",
      "integrity": "sha512-51g9N+IMIXBSvvOQqWdFcEm+vonDjGKXrbrUcsHtvRA/gIvMiEoOp1OHFSTaN+9tysMFPzHsjSc2xfP7FUeTDg==",
      "dependencies": {
        "@zag-js/anatomy": "0.56.0",
        "@zag-js/aria-hidden": "0.56.0",
        "@zag-js/core": "0.56.0",
        "@zag-js/dismissable": "0.56.0",
        "@zag-js/dom-query": "0.56.0",
        "@zag-js/remove-scroll": "0.56.0",
        "@zag-js/types": "0.56.0",
        "@zag-js/utils": "0.56.0",
        "focus-trap": "7.5.4"
      }
    },
    "node_modules/@zag-js/dismissable": {
      "version": "0.56.0",
      "resolved": "https://registry.npmjs.org/@zag-js/dismissable/-/dismissable-0.56.0.tgz",
      "integrity": "sha512-rsSIk7JdU3/pfcis1A2+0nEqDNXy7GtqLLrOiYI7eiFpwqyV/NxrSNDDMr5SrpI8NiQucEjLEbCI0qAcfxN47Q==",
      "dependencies": {
        "@zag-js/dom-event": "0.56.0",
        "@zag-js/dom-query": "0.56.0",
        "@zag-js/interact-outside": "0.56.0",
        "@zag-js/utils": "0.56.0"
      }
    },
    "node_modules/@zag-js/dom-event": {
      "version": "0.56.0",
      "resolved": "https://registry.npmjs.org/@zag-js/dom-event/-/dom-event-0.56.0.tgz",
      "integrity": "sha512-NbPydFxw8/+bEZ9COaGoAUiDkbsAxRbItNK/EK8Bpa5KtUo/QmxHmqk316ChnEHv7hkK72ZL59uVADC4HSSxFA==",
      "dependencies": {
        "@zag-js/dom-query": "0.56.0",
        "@zag-js/text-selection": "0.56.0",
        "@zag-js/types": "0.56.0"
      }
    },
    "node_modules/@zag-js/dom-query": {
      "version": "0.56.0",
      "resolved": "https://registry.npmjs.org/@zag-js/dom-query/-/dom-query-0.56.0.tgz",
      "integrity": "sha512-KE0Aes0Ov23pHddD3tm5sqzzd7PLMjZ0VbzBua16J+cdut+oiCtzPURVkD8NmviTo3/n02RN/wtvg65V0Yhusw=="
    },
    "node_modules/@zag-js/interact-outside": {
      "version": "0.56.0",
      "resolved": "https://registry.npmjs.org/@zag-js/interact-outside/-/interact-outside-0.56.0.tgz",
      "integrity": "sha512-oV6VgAOcCQFt37m2XuMYaV2p3taIqSEH+w6e8vRau5O3Cl2OxpSz4k1ipphNWN9bzKqMfvSzOunPxaxumvV3JA==",
      "dependencies": {
        "@zag-js/dom-event": "0.56.0",
        "@zag-js/dom-query": "0.56.0",
        "@zag-js/utils": "0.56.0"
      }
    },
    "node_modules/@zag-js/menu": {
      "version": "0.56.0",
      "resolved": "https://registry.npmjs.org/@zag-js/menu/-/menu-0.56.0.tgz",
      "integrity": "sha512-kgDTsBAIP27O6dh0CMkb4ofyMt0sKptesxIYvIrgksJhlm8/Zs80LOv50Ic05dbH6g6i9U5DOx7wqZZfuqfDwQ==",
      "dependencies": {
        "@zag-js/anatomy": "0.56.0",
        "@zag-js/core": "0.56.0",
        "@zag-js/dismissable": "0.56.0",
        "@zag-js/dom-event": "0.56.0",
        "@zag-js/dom-query": "0.56.0",
        "@zag-js/popper": "0.56.0",
        "@zag-js/rect-utils": "0.56.0",
        "@zag-js/types": "0.56.0",
        "@zag-js/utils": "0.56.0"
      }
    },
    "node_modules/@zag-js/popper": {
      "version": "0.56.0",
      "resolved": "https://registry.npmjs.org/@zag-js/popper/-/popper-0.56.0.tgz",
      "integrity": "sha512-UQTUrPpP2CIN/nQ3w70O1c08Bw0x+j+3lnk1gzxtnpBdMUWeb1b34RDTXZT0pbjuNI/dIXJDoEhJq3PuQj5lVw==",
      "dependencies": {
        "@floating-ui/dom": "1.6.5",
        "@zag-js/dom-query": "0.56.0",
        "@zag-js/utils": "0.56.0"
      }
    },
    "node_modules/@zag-js/rect-utils": {
      "version": "0.56.0",
      "resolved": "https://registry.npmjs.org/@zag-js/rect-utils/-/rect-utils-0.56.0.tgz",
      "integrity": "sha512-LooRw4gyoVoAW2NH18Kf01v8aNn56PQqZcQQE3KevgTDVgAOH26PCDD/0C/gUsdm3LsTViCYqT/74OkI7JW3Pg=="
    },
    "node_modules/@zag-js/remove-scroll": {
      "version": "0.56.0",
      "resolved": "https://registry.npmjs.org/@zag-js/remove-scroll/-/remove-scroll-0.56.0.tgz",
      "integrity": "sha512-er2ckrxvDuwe9Q/GGbIXdRnxocv1wYVYwudP64DB5Lrbk0V9/9VfQYu5edLeTYYtUHvPiRBOPe32+aVqXC18sg==",
      "dependencies": {
        "@zag-js/dom-query": "0.56.0"
      }
    },
    "node_modules/@zag-js/store": {
      "version": "0.56.0",
      "resolved": "https://registry.npmjs.org/@zag-js/store/-/store-0.56.0.tgz",
      "integrity": "sha512-YrzXMPEA8tvRAf64t+Ihy7nYJPSPErGQLS2xRtv9teqyIPP4fZf9RuWoAbXfEwXuZ0eCNyxyKVZA7IGfX05K8g==",
      "dependencies": {
        "proxy-compare": "3.0.0"
      }
    },
    "node_modules/@zag-js/text-selection": {
      "version": "0.56.0",
      "resolved": "https://registry.npmjs.org/@zag-js/text-selection/-/text-selection-0.56.0.tgz",
      "integrity": "sha512-ujJgh47AgmhmUxFWdEnbgewzsFEGzxqXXIpwRQMEbD8t8qoRRDsm8/vZzHREdmyFuOupomyR7xRTH3XQfeWrJg==",
      "dependencies": {
        "@zag-js/dom-query": "0.56.0"
      }
    },
    "node_modules/@zag-js/types": {
      "version": "0.56.0",
      "resolved": "https://registry.npmjs.org/@zag-js/types/-/types-0.56.0.tgz",
      "integrity": "sha512-f6K8IiTCF6U2ybAW5b3pyvogiK7PQLE41LA0JlIrWFD60aFQPZZI6869cwa7cd1e2TVVtPakOGBaWWFLSCa42w==",
      "dependencies": {
        "csstype": "3.1.3"
      }
    },
    "node_modules/@zag-js/utils": {
      "version": "0.56.0",
      "resolved": "https://registry.npmjs.org/@zag-js/utils/-/utils-0.56.0.tgz",
      "integrity": "sha512-Cpx2IRQrj5aFsb2nQjq35+BVaqO9pazksVjJtadzdbVahHU0HDUsw6ghg+g/sjN1Cx0D1dLKeXOKeS04EjPWnQ=="
    },
    "node_modules/csstype": {
      "version": "3.1.3",
      "resolved": "https://registry.npmjs.org/csstype/-/csstype-3.1.3.tgz",
      "integrity": "sha512-M1uQkMl8rQK/szD0LNhtqxIPLpimGm8sOBwU7lLnCpSbTyY3yeU1Vc7l4KT5zT4s/yOxHH5O7tIuuLOCnLADRw=="
    },
    "node_modules/focus-trap": {
      "version": "7.5.4",
      "resolved": "https://registry.npmjs.org/focus-trap/-/focus-trap-7.5.4.tgz",
      "integrity": "sha512-N7kHdlgsO/v+iD/dMoJKtsSqs5Dz/dXZVebRgJw23LDk+jMi/974zyiOYDziY2JPp8xivq9BmUGwIJMiuSBi7w==",
      "dependencies": {
        "tabbable": "^6.2.0"
      }
    },
    "node_modules/klona": {
      "version": "2.0.6",
      "resolved": "https://registry.npmjs.org/klona/-/klona-2.0.6.tgz",
      "integrity": "sha512-dhG34DXATL5hSxJbIexCft8FChFXtmskoZYnoPWjXQuebWYCNkVeV3KkGegCK9CP1oswI/vQibS2GY7Em/sJJA==",
      "engines": {
        "node": ">= 8"
      }
    },
    "node_modules/proxy-compare": {
      "version": "3.0.0",
      "resolved": "https://registry.npmjs.org/proxy-compare/-/proxy-compare-3.0.0.tgz",
      "integrity": "sha512-y44MCkgtZUCT9tZGuE278fB7PWVf7fRYy0vbRXAts2o5F0EfC4fIQrvQQGBJo1WJbFcVLXzApOscyJuZqHQc1w=="
    },
    "node_modules/tabbable": {
      "version": "6.2.0",
      "resolved": "https://registry.npmjs.org/tabbable/-/tabbable-6.2.0.tgz",
      "integrity": "sha512-Cat63mxsVJlzYvN51JmVXIgNoUokrIaT2zLclCXjRd8boZ0004U4KCs/sToJ75C6sdlByWxpYnb5Boif1VSFew=="
    }
  }
}
