{
  "name": "@leuchtturm/turboprop",
  "version": "0.1.4",
  "lockfileVersion": 3,
  "requires": true,
  "packages": {
    "": {
      "name": "@leuchtturm/turboprop",
      "version": "0.1.4",
      "license": "MIT",
      "dependencies": {
        "@zag-js/dialog": "^0.56.0",
        "@zag-js/menu": "^0.56.0",
        "@zag-js/pin-input": "^0.56.0",
        "@zag-js/types": "^0.56.0"
      },
      "devDependencies": {
        "@biomejs/biome": "^1.8.1"
      }
    },
    "node_modules/@biomejs/biome": {
      "version": "1.8.1",
      "resolved": "https://registry.npmjs.org/@biomejs/biome/-/biome-1.8.1.tgz",
      "integrity": "sha512-fQXGfvq6DIXem12dGQCM2tNF+vsNHH1qs3C7WeOu75Pd0trduoTmoO7G4ntLJ2qDs5wuw981H+cxQhi1uHnAtA==",
      "dev": true,
      "hasInstallScript": true,
      "bin": {
        "biome": "bin/biome"
      },
      "engines": {
        "node": ">=14.21.3"
      },
      "funding": {
        "type": "opencollective",
        "url": "https://opencollective.com/biome"
      },
      "optionalDependencies": {
        "@biomejs/cli-darwin-arm64": "1.8.1",
        "@biomejs/cli-darwin-x64": "1.8.1",
        "@biomejs/cli-linux-arm64": "1.8.1",
        "@biomejs/cli-linux-arm64-musl": "1.8.1",
        "@biomejs/cli-linux-x64": "1.8.1",
        "@biomejs/cli-linux-x64-musl": "1.8.1",
        "@biomejs/cli-win32-arm64": "1.8.1",
        "@biomejs/cli-win32-x64": "1.8.1"
      }
    },
    "node_modules/@biomejs/cli-darwin-arm64": {
      "version": "1.8.1",
      "resolved": "https://registry.npmjs.org/@biomejs/cli-darwin-arm64/-/cli-darwin-arm64-1.8.1.tgz",
      "integrity": "sha512-XLiB7Uu6GALIOBWzQ2aMD0ru4Ly5/qSeQF7kk3AabzJ/kwsEWSe33iVySBP/SS2qv25cgqNiLksjGcw2bHT3mw==",
      "cpu": [
        "arm64"
      ],
      "dev": true,
      "optional": true,
      "os": [
        "darwin"
      ],
      "engines": {
        "node": ">=14.21.3"
      }
    },
    "node_modules/@biomejs/cli-darwin-x64": {
      "version": "1.8.1",
      "resolved": "https://registry.npmjs.org/@biomejs/cli-darwin-x64/-/cli-darwin-x64-1.8.1.tgz",
      "integrity": "sha512-uMTSxVLMfqkBVqyc25hSn83jBbp+wtWjzM/pHFlKXt3htJuw7FErVGW0nmQ9Sxa9vJ7GcqoltLMl28VQRIMYzg==",
      "cpu": [
        "x64"
      ],
      "dev": true,
      "optional": true,
      "os": [
        "darwin"
      ],
      "engines": {
        "node": ">=14.21.3"
      }
    },
    "node_modules/@biomejs/cli-linux-arm64": {
      "version": "1.8.1",
      "resolved": "https://registry.npmjs.org/@biomejs/cli-linux-arm64/-/cli-linux-arm64-1.8.1.tgz",
      "integrity": "sha512-3SzZRuC/9Oi2P2IBNPsEj0KXxSXUEYRR2kfRF/Ve8QAfGgrt4qnwuWd6QQKKN5R+oYH691qjm+cXBKEcrP1v/Q==",
      "cpu": [
        "arm64"
      ],
      "dev": true,
      "optional": true,
      "os": [
        "linux"
      ],
      "engines": {
        "node": ">=14.21.3"
      }
    },
    "node_modules/@biomejs/cli-linux-arm64-musl": {
      "version": "1.8.1",
      "resolved": "https://registry.npmjs.org/@biomejs/cli-linux-arm64-musl/-/cli-linux-arm64-musl-1.8.1.tgz",
      "integrity": "sha512-UQ8Wc01J0wQL+5AYOc7qkJn20B4PZmQL1KrmDZh7ot0DvD6aX4+8mmfd/dG5b6Zjo/44QvCKcvkFGCMRYuhWZA==",
      "cpu": [
        "arm64"
      ],
      "dev": true,
      "optional": true,
      "os": [
        "linux"
      ],
      "engines": {
        "node": ">=14.21.3"
      }
    },
    "node_modules/@biomejs/cli-linux-x64": {
      "version": "1.8.1",
      "resolved": "https://registry.npmjs.org/@biomejs/cli-linux-x64/-/cli-linux-x64-1.8.1.tgz",
      "integrity": "sha512-AeBycVdNrTzsyYKEOtR2R0Ph0hCD0sCshcp2aOnfGP0hCZbtFg09D0SdKLbyzKntisY41HxKVrydYiaApp+2uw==",
      "cpu": [
        "x64"
      ],
      "dev": true,
      "optional": true,
      "os": [
        "linux"
      ],
      "engines": {
        "node": ">=14.21.3"
      }
    },
    "node_modules/@biomejs/cli-linux-x64-musl": {
      "version": "1.8.1",
      "resolved": "https://registry.npmjs.org/@biomejs/cli-linux-x64-musl/-/cli-linux-x64-musl-1.8.1.tgz",
      "integrity": "sha512-fYbP/kNu/rtZ4kKzWVocIdqZOtBSUEg9qUhZaao3dy3CRzafR6u6KDtBeSCnt47O+iLnks1eOR1TUxzr5+QuqA==",
      "cpu": [
        "x64"
      ],
      "dev": true,
      "optional": true,
      "os": [
        "linux"
      ],
      "engines": {
        "node": ">=14.21.3"
      }
    },
    "node_modules/@biomejs/cli-win32-arm64": {
      "version": "1.8.1",
      "resolved": "https://registry.npmjs.org/@biomejs/cli-win32-arm64/-/cli-win32-arm64-1.8.1.tgz",
      "integrity": "sha512-6tEd1H/iFKpgpE3OIB7oNgW5XkjiVMzMRPL8zYoZ036YfuJ5nMYm9eB9H/y81+8Z76vL48fiYzMPotJwukGPqQ==",
      "cpu": [
        "arm64"
      ],
      "dev": true,
      "optional": true,
      "os": [
        "win32"
      ],
      "engines": {
        "node": ">=14.21.3"
      }
    },
    "node_modules/@biomejs/cli-win32-x64": {
      "version": "1.8.1",
      "resolved": "https://registry.npmjs.org/@biomejs/cli-win32-x64/-/cli-win32-x64-1.8.1.tgz",
      "integrity": "sha512-g2H31jJzYmS4jkvl6TiyEjEX+Nv79a5km/xn+5DARTp5MBFzC9gwceusSSB2AkJKqZzY131AiACAWjKrVt5Ijw==",
      "cpu": [
        "x64"
      ],
      "dev": true,
      "optional": true,
      "os": [
        "win32"
      ],
      "engines": {
        "node": ">=14.21.3"
      }
    },
    "node_modules/@floating-ui/core": {
      "version": "1.6.2",
      "resolved": "https://registry.npmjs.org/@floating-ui/core/-/core-1.6.2.tgz",
      "integrity": "sha512-+2XpQV9LLZeanU4ZevzRnGFg2neDeKHgFLjP6YLW+tly0IvrhqT4u8enLGjLH3qeh85g19xY5rsAusfwTdn5lg==",
      "license": "MIT",
      "dependencies": {
        "@floating-ui/utils": "^0.2.0"
      }
    },
    "node_modules/@floating-ui/dom": {
      "version": "1.6.5",
      "resolved": "https://registry.npmjs.org/@floating-ui/dom/-/dom-1.6.5.tgz",
      "integrity": "sha512-Nsdud2X65Dz+1RHjAIP0t8z5e2ff/IRbei6BqFrl1urT8sDVzM1HMQ+R0XcU5ceRfyO3I6ayeqIfh+6Wb8LGTw==",
      "license": "MIT",
      "dependencies": {
        "@floating-ui/core": "^1.0.0",
        "@floating-ui/utils": "^0.2.0"
      }
    },
    "node_modules/@floating-ui/utils": {
      "version": "0.2.2",
      "resolved": "https://registry.npmjs.org/@floating-ui/utils/-/utils-0.2.2.tgz",
      "integrity": "sha512-J4yDIIthosAsRZ5CPYP/jQvUAQtlZTTD/4suA08/FEnlxqW3sKS9iAhgsa9VYLZ6vDHn/ixJgIqRQPotoBjxIw==",
      "license": "MIT"
    },
    "node_modules/@zag-js/anatomy": {
      "version": "0.56.1",
      "resolved": "https://registry.npmjs.org/@zag-js/anatomy/-/anatomy-0.56.1.tgz",
      "integrity": "sha512-4n7WKZ2YEYIsKSV7rEZcx6pGKhIJ6EHSn0KrC8BNI+0roJfYCfQbggih2f4E3JFT29pUFaSXIpRJa7XYyClQMw==",
      "license": "MIT"
    },
    "node_modules/@zag-js/aria-hidden": {
      "version": "0.56.1",
      "resolved": "https://registry.npmjs.org/@zag-js/aria-hidden/-/aria-hidden-0.56.1.tgz",
      "integrity": "sha512-GFUsxLZUINkBmzafUI1WlBsqld+JxECJ2+t1CFlTap3ROOoTpqGg69XnldnK+l2qEJVS5+9nAHZA5oL2491ipw==",
      "license": "MIT",
      "dependencies": {
        "@zag-js/dom-query": "0.56.1"
      }
    },
    "node_modules/@zag-js/core": {
      "version": "0.56.1",
      "resolved": "https://registry.npmjs.org/@zag-js/core/-/core-0.56.1.tgz",
      "integrity": "sha512-3Iwum6+UmDxBqJIT4t2wSnr5hz83c6oRDS8j7I0hgV4U2Xt/IJMPedZt/KmV8ghjai/BlETskHUW1JvwZ4jaYA==",
      "license": "MIT",
      "dependencies": {
        "@zag-js/store": "0.56.1",
        "klona": "2.0.6"
      }
    },
    "node_modules/@zag-js/dialog": {
      "version": "0.56.1",
      "resolved": "https://registry.npmjs.org/@zag-js/dialog/-/dialog-0.56.1.tgz",
      "integrity": "sha512-dD4A457wW5Lnz2nm9vVvDQs2H3z/CTVS6ujCq/9W61Eo3LmhCPJQOHbr1QDB8kssYYdZn6eJZsbO5PSt7gCO1w==",
      "license": "MIT",
      "dependencies": {
        "@zag-js/anatomy": "0.56.1",
        "@zag-js/aria-hidden": "0.56.1",
        "@zag-js/core": "0.56.1",
        "@zag-js/dismissable": "0.56.1",
        "@zag-js/dom-query": "0.56.1",
        "@zag-js/remove-scroll": "0.56.1",
        "@zag-js/types": "0.56.1",
        "@zag-js/utils": "0.56.1",
        "focus-trap": "7.5.4"
      }
    },
    "node_modules/@zag-js/dismissable": {
      "version": "0.56.1",
      "resolved": "https://registry.npmjs.org/@zag-js/dismissable/-/dismissable-0.56.1.tgz",
      "integrity": "sha512-jG3KMdhazYgcoW83Aay/VCKg/VParejXhKqZn+7ze5doqRXklL2LsuwSd2ecWuqX9ckB0ppd63w0IN7xAL1I8Q==",
      "license": "MIT",
      "dependencies": {
        "@zag-js/dom-event": "0.56.1",
        "@zag-js/dom-query": "0.56.1",
        "@zag-js/interact-outside": "0.56.1",
        "@zag-js/utils": "0.56.1"
      }
    },
    "node_modules/@zag-js/dom-event": {
      "version": "0.56.1",
      "resolved": "https://registry.npmjs.org/@zag-js/dom-event/-/dom-event-0.56.1.tgz",
      "integrity": "sha512-OUh6ELiN6RIkSFt6pQ+Ct7jdH5XoonBThBBLUKoUd5qr49bIUw+CIaJyVrngUaPSCTqpzIqS3lL3uvVbMN0W+g==",
      "license": "MIT",
      "dependencies": {
        "@zag-js/dom-query": "0.56.1",
        "@zag-js/text-selection": "0.56.1",
        "@zag-js/types": "0.56.1"
      }
    },
    "node_modules/@zag-js/dom-query": {
      "version": "0.56.1",
      "resolved": "https://registry.npmjs.org/@zag-js/dom-query/-/dom-query-0.56.1.tgz",
      "integrity": "sha512-mxUa7vzI+NhaMpf0D3cci0kmRuCPBkZCvoV+jsokkLfFKEUvAMVftnzxMxeydAEK6LFZL6PK6icOXP5FxbzzLA==",
      "license": "MIT"
    },
    "node_modules/@zag-js/form-utils": {
      "version": "0.56.1",
      "resolved": "https://registry.npmjs.org/@zag-js/form-utils/-/form-utils-0.56.1.tgz",
      "integrity": "sha512-7u3PjOl21muU89Ungl9bjBVqsHNNqlOnsl/2ws8t/1qkQbcGJnzAPG/AkM4njj0A5IXO9X6MqIa+9qgEYMviCQ==",
      "license": "MIT"
    },
    "node_modules/@zag-js/interact-outside": {
      "version": "0.56.1",
      "resolved": "https://registry.npmjs.org/@zag-js/interact-outside/-/interact-outside-0.56.1.tgz",
      "integrity": "sha512-yy9Vg4vU5P0xbmJ2vKGfk09lCLM8UFECBAlLq8GNHzjj+rpi7tb4BW4AFCMcADwsilV7elB2i98r8e5/wwnbbQ==",
      "license": "MIT",
      "dependencies": {
        "@zag-js/dom-event": "0.56.1",
        "@zag-js/dom-query": "0.56.1",
        "@zag-js/utils": "0.56.1"
      }
    },
    "node_modules/@zag-js/menu": {
      "version": "0.56.1",
      "resolved": "https://registry.npmjs.org/@zag-js/menu/-/menu-0.56.1.tgz",
      "integrity": "sha512-9V8STio6PGAAoKLnRuQ4ygUCgk6NzQQ3ThMaIwwH2tCSRlam/HwP3ld9W8nnbiOrqn9RzU9XSj7ZvS567xqyzQ==",
      "license": "MIT",
      "dependencies": {
        "@zag-js/anatomy": "0.56.1",
        "@zag-js/core": "0.56.1",
        "@zag-js/dismissable": "0.56.1",
        "@zag-js/dom-event": "0.56.1",
        "@zag-js/dom-query": "0.56.1",
        "@zag-js/popper": "0.56.1",
        "@zag-js/rect-utils": "0.56.1",
        "@zag-js/types": "0.56.1",
        "@zag-js/utils": "0.56.1"
      }
    },
    "node_modules/@zag-js/pin-input": {
      "version": "0.56.1",
      "resolved": "https://registry.npmjs.org/@zag-js/pin-input/-/pin-input-0.56.1.tgz",
      "integrity": "sha512-8w5GvmZA/XDr5qO8e92Fpr12mjbtSv4PJPwLtWS1uTD8EXzGQbHCNxNpVbnPjva5eiX+z+RY7O/wMVr78Bk6PQ==",
      "license": "MIT",
      "dependencies": {
        "@zag-js/anatomy": "0.56.1",
        "@zag-js/core": "0.56.1",
        "@zag-js/dom-event": "0.56.1",
        "@zag-js/dom-query": "0.56.1",
        "@zag-js/form-utils": "0.56.1",
        "@zag-js/types": "0.56.1",
        "@zag-js/utils": "0.56.1"
      }
    },
    "node_modules/@zag-js/popper": {
      "version": "0.56.1",
      "resolved": "https://registry.npmjs.org/@zag-js/popper/-/popper-0.56.1.tgz",
      "integrity": "sha512-dAkIbVlicG78zWXezjh3qsFTtdC+nw8wkNGJv5MajDaMbhSApE/Fe1ogDbReAbMQ43DGNWpSRnU9o+DxQgoZZg==",
      "license": "MIT",
      "dependencies": {
        "@floating-ui/dom": "1.6.5",
        "@zag-js/dom-query": "0.56.1",
        "@zag-js/utils": "0.56.1"
      }
    },
    "node_modules/@zag-js/rect-utils": {
      "version": "0.56.1",
      "resolved": "https://registry.npmjs.org/@zag-js/rect-utils/-/rect-utils-0.56.1.tgz",
      "integrity": "sha512-x3uUJvr2IsKk9xMdOE/IqCPxFwg6GO+s8in6cvJV0n+tePmTWfMxhIqRm/o9kftA/UZt2/LcOnK0YOkfeEBWmA==",
      "license": "MIT"
    },
    "node_modules/@zag-js/remove-scroll": {
      "version": "0.56.1",
      "resolved": "https://registry.npmjs.org/@zag-js/remove-scroll/-/remove-scroll-0.56.1.tgz",
      "integrity": "sha512-nWUEXJb2gzzcWNZiH8sydavefC79VPSBtSc1bXDlAXI3y6swY0rp/0hP20+WvCpwMI9I2o/zKTA4lY9WY3y9Kw==",
      "license": "MIT",
      "dependencies": {
        "@zag-js/dom-query": "0.56.1"
      }
    },
    "node_modules/@zag-js/store": {
      "version": "0.56.1",
      "resolved": "https://registry.npmjs.org/@zag-js/store/-/store-0.56.1.tgz",
      "integrity": "sha512-hc7lwqhor+WZXXXuCEV889QEHX7hBpTN0NUS+pHa8fED7QeJN+EhJZMwC3g6YLVde4w3MlxB6I92O5lruNNyEg==",
      "license": "MIT",
      "dependencies": {
        "proxy-compare": "3.0.0"
      }
    },
    "node_modules/@zag-js/text-selection": {
      "version": "0.56.1",
      "resolved": "https://registry.npmjs.org/@zag-js/text-selection/-/text-selection-0.56.1.tgz",
      "integrity": "sha512-1r6Bz+/nLiyMw6N8opeQii6h/N7J6rNDuvys59QdbTc1rbI02DPNoRwGVfC/rBhSBK5h3vewQZePQokgnf39fQ==",
      "license": "MIT",
      "dependencies": {
        "@zag-js/dom-query": "0.56.1"
      }
    },
    "node_modules/@zag-js/types": {
      "version": "0.56.1",
      "resolved": "https://registry.npmjs.org/@zag-js/types/-/types-0.56.1.tgz",
      "integrity": "sha512-RkAO2PInKWo6oQmrFkwXpWO1VitL0jPs8D30r66/6+lSAEGLnCUifnkZchluJ8vlHvr04Q5emzFkIG4fQHLLmw==",
      "license": "MIT",
      "dependencies": {
        "csstype": "3.1.3"
      }
    },
    "node_modules/@zag-js/utils": {
      "version": "0.56.1",
      "resolved": "https://registry.npmjs.org/@zag-js/utils/-/utils-0.56.1.tgz",
      "integrity": "sha512-zJ1HxV+26I6Uu0M112ybEJUsHXlHQ2bE9XuDX+n7uDzPbilMvLQ87XYhJ40bb2lykgNsKCWhLWV9xkiEVJD38w==",
      "license": "MIT"
    },
    "node_modules/csstype": {
      "version": "3.1.3",
      "resolved": "https://registry.npmjs.org/csstype/-/csstype-3.1.3.tgz",
      "integrity": "sha512-M1uQkMl8rQK/szD0LNhtqxIPLpimGm8sOBwU7lLnCpSbTyY3yeU1Vc7l4KT5zT4s/yOxHH5O7tIuuLOCnLADRw==",
      "license": "MIT"
    },
    "node_modules/focus-trap": {
      "version": "7.5.4",
      "resolved": "https://registry.npmjs.org/focus-trap/-/focus-trap-7.5.4.tgz",
      "integrity": "sha512-N7kHdlgsO/v+iD/dMoJKtsSqs5Dz/dXZVebRgJw23LDk+jMi/974zyiOYDziY2JPp8xivq9BmUGwIJMiuSBi7w==",
      "license": "MIT",
      "dependencies": {
        "tabbable": "^6.2.0"
      }
    },
    "node_modules/klona": {
      "version": "2.0.6",
      "resolved": "https://registry.npmjs.org/klona/-/klona-2.0.6.tgz",
      "integrity": "sha512-dhG34DXATL5hSxJbIexCft8FChFXtmskoZYnoPWjXQuebWYCNkVeV3KkGegCK9CP1oswI/vQibS2GY7Em/sJJA==",
      "license": "MIT",
      "engines": {
        "node": ">= 8"
      }
    },
    "node_modules/proxy-compare": {
      "version": "3.0.0",
      "resolved": "https://registry.npmjs.org/proxy-compare/-/proxy-compare-3.0.0.tgz",
      "integrity": "sha512-y44MCkgtZUCT9tZGuE278fB7PWVf7fRYy0vbRXAts2o5F0EfC4fIQrvQQGBJo1WJbFcVLXzApOscyJuZqHQc1w==",
      "license": "MIT"
    },
    "node_modules/tabbable": {
      "version": "6.2.0",
      "resolved": "https://registry.npmjs.org/tabbable/-/tabbable-6.2.0.tgz",
      "integrity": "sha512-Cat63mxsVJlzYvN51JmVXIgNoUokrIaT2zLclCXjRd8boZ0004U4KCs/sToJ75C6sdlByWxpYnb5Boif1VSFew==",
      "license": "MIT"
    }
  }
}
