{
  "name": "@leuchtturm/turboprop",
  "version": "0.1.0",
  "lockfileVersion": 3,
  "requires": true,
  "packages": {
    "": {
      "name": "@leuchtturm/turboprop",
      "version": "0.1.0",
      "license": "MIT",
      "dependencies": {
        "@zag-js/dialog": "^0.54",
        "@zag-js/menu": "^0.54",
        "@zag-js/types": "^0.54"
      }
    },
    "node_modules/@floating-ui/core": {
      "version": "1.6.2",
      "resolved": "https://registry.npmjs.org/@floating-ui/core/-/core-1.6.2.tgz",
      "integrity": "sha512-+2XpQV9LLZeanU4ZevzRnGFg2neDeKHgFLjP6YLW+tly0IvrhqT4u8enLGjLH3qeh85g19xY5rsAusfwTdn5lg==",
      "dependencies": {
        "@floating-ui/utils": "^0.2.0"
      }
    },
    "node_modules/@floating-ui/dom": {
      "version": "1.6.5",
      "resolved": "https://registry.npmjs.org/@floating-ui/dom/-/dom-1.6.5.tgz",
      "integrity": "sha512-Nsdud2X65Dz+1RHjAIP0t8z5e2ff/IRbei6BqFrl1urT8sDVzM1HMQ+R0XcU5ceRfyO3I6ayeqIfh+6Wb8LGTw==",
      "dependencies": {
        "@floating-ui/core": "^1.0.0",
        "@floating-ui/utils": "^0.2.0"
      }
    },
    "node_modules/@floating-ui/utils": {
      "version": "0.2.2",
      "resolved": "https://registry.npmjs.org/@floating-ui/utils/-/utils-0.2.2.tgz",
      "integrity": "sha512-J4yDIIthosAsRZ5CPYP/jQvUAQtlZTTD/4suA08/FEnlxqW3sKS9iAhgsa9VYLZ6vDHn/ixJgIqRQPotoBjxIw=="
    },
    "node_modules/@zag-js/anatomy": {
      "version": "0.54.0",
      "resolved": "https://registry.npmjs.org/@zag-js/anatomy/-/anatomy-0.54.0.tgz",
      "integrity": "sha512-rFBt2x7x3IjK2h8KhVGG4HTemYjucRESwyUL7dT+t2uFuLzXMygx/GqMQNX8f2qX56HvJLDYkEY826YYZuNyHA=="
    },
    "node_modules/@zag-js/aria-hidden": {
      "version": "0.54.0",
      "resolved": "https://registry.npmjs.org/@zag-js/aria-hidden/-/aria-hidden-0.54.0.tgz",
      "integrity": "sha512-JkvBvyB53ApGvTkGOS7If7YraKC5mZ/fuY4c8KMeSWnW7Yn25zvzWzO9iAAZxwnSx2MJcuVOtZKdwC5+Pre2/g==",
      "dependencies": {
        "@zag-js/dom-query": "0.54.0"
      }
    },
    "node_modules/@zag-js/core": {
      "version": "0.54.0",
      "resolved": "https://registry.npmjs.org/@zag-js/core/-/core-0.54.0.tgz",
      "integrity": "sha512-e2WzhYwh5TDI4Ik1fVX3CeBZCvHprPNCssF/K37Scmctax9eXrD78bEuT5v7O+2di4ZSxv1Eo5JhERsBf7zeeQ==",
      "dependencies": {
        "@zag-js/store": "0.54.0",
        "klona": "2.0.6"
      }
    },
    "node_modules/@zag-js/dialog": {
      "version": "0.54.0",
      "resolved": "https://registry.npmjs.org/@zag-js/dialog/-/dialog-0.54.0.tgz",
      "integrity": "sha512-KYlSKqLxYcxxVKSDGcbbAblo1/OQMrUjBCRcVNbZGdfrSZ9zw4JHHmdFo9sMcE036OHS4Si9vygly8Yh9c2Ouw==",
      "dependencies": {
        "@zag-js/anatomy": "0.54.0",
        "@zag-js/aria-hidden": "0.54.0",
        "@zag-js/core": "0.54.0",
        "@zag-js/dismissable": "0.54.0",
        "@zag-js/dom-query": "0.54.0",
        "@zag-js/remove-scroll": "0.54.0",
        "@zag-js/types": "0.54.0",
        "@zag-js/utils": "0.54.0",
        "focus-trap": "7.5.4"
      }
    },
    "node_modules/@zag-js/dismissable": {
      "version": "0.54.0",
      "resolved": "https://registry.npmjs.org/@zag-js/dismissable/-/dismissable-0.54.0.tgz",
      "integrity": "sha512-66hlBovHo8+vwhHxy3/eTYQJeKftBlqRcTy6QMpBajYkIN9uiWLvF5tXBO5RPBMpOj/i137wdHK58fK2c1t3BQ==",
      "dependencies": {
        "@zag-js/dom-event": "0.54.0",
        "@zag-js/dom-query": "0.54.0",
        "@zag-js/interact-outside": "0.54.0",
        "@zag-js/utils": "0.54.0"
      }
    },
    "node_modules/@zag-js/dom-event": {
      "version": "0.54.0",
      "resolved": "https://registry.npmjs.org/@zag-js/dom-event/-/dom-event-0.54.0.tgz",
      "integrity": "sha512-Ew/bfsCqyQYf1JkCF6wrxM7kTWHBPKY+eeOYVLozo+TB79COS1sgp8AiektlFTBAV2QQ6IEULQZNYO9HtECWDg==",
      "dependencies": {
        "@zag-js/dom-query": "0.54.0",
        "@zag-js/text-selection": "0.54.0",
        "@zag-js/types": "0.54.0"
      }
    },
    "node_modules/@zag-js/dom-query": {
      "version": "0.54.0",
      "resolved": "https://registry.npmjs.org/@zag-js/dom-query/-/dom-query-0.54.0.tgz",
      "integrity": "sha512-Nl6p4O3IMTpHlQW/B57Pmv1YesbidkBlFdX6v8WuZqve7X0LxGIfb2Fgy5msxuJ3QX7o0EIW5ASuPXjH8/Xf2g=="
    },
    "node_modules/@zag-js/interact-outside": {
      "version": "0.54.0",
      "resolved": "https://registry.npmjs.org/@zag-js/interact-outside/-/interact-outside-0.54.0.tgz",
      "integrity": "sha512-8w1aeYPWtuSabGOzddQzFpeoQ0BRR9j1VqO5KNIa11jLdC/pE6zV9DxrqPpUZoWVP+HlhGtBcXKVKROFosktmQ==",
      "dependencies": {
        "@zag-js/dom-event": "0.54.0",
        "@zag-js/dom-query": "0.54.0",
        "@zag-js/utils": "0.54.0"
      }
    },
    "node_modules/@zag-js/menu": {
      "version": "0.54.0",
      "resolved": "https://registry.npmjs.org/@zag-js/menu/-/menu-0.54.0.tgz",
      "integrity": "sha512-+dDKNG4TS3mHYt2YJZr4IVu65MeSuXbM/hqpdpRehk2XeAd2eVtPrDe4OIb3d2XNv/0azYNh5819J51NRGI3tA==",
      "dependencies": {
        "@zag-js/anatomy": "0.54.0",
        "@zag-js/core": "0.54.0",
        "@zag-js/dismissable": "0.54.0",
        "@zag-js/dom-event": "0.54.0",
        "@zag-js/dom-query": "0.54.0",
        "@zag-js/popper": "0.54.0",
        "@zag-js/rect-utils": "0.54.0",
        "@zag-js/types": "0.54.0",
        "@zag-js/utils": "0.54.0"
      }
    },
    "node_modules/@zag-js/popper": {
      "version": "0.54.0",
      "resolved": "https://registry.npmjs.org/@zag-js/popper/-/popper-0.54.0.tgz",
      "integrity": "sha512-vEc729T8nbRlvA78xe/HjfcHv8dxcx4aU4h/9dhK83x9SNmsuUcRvDyFw95MsI51RXalbn89zj2KmV656Utngw==",
      "dependencies": {
        "@floating-ui/dom": "1.6.5",
        "@zag-js/dom-query": "0.54.0",
        "@zag-js/utils": "0.54.0"
      }
    },
    "node_modules/@zag-js/rect-utils": {
      "version": "0.54.0",
      "resolved": "https://registry.npmjs.org/@zag-js/rect-utils/-/rect-utils-0.54.0.tgz",
      "integrity": "sha512-95GQ4pJBwMbUki1DpZ04/M0CKxbt0klI9H2XYpsbM73mG1lzWhlFzJJKnMsD+C37ByZz3tScR+Bb8EluZT3Y/Q=="
    },
    "node_modules/@zag-js/remove-scroll": {
      "version": "0.54.0",
      "resolved": "https://registry.npmjs.org/@zag-js/remove-scroll/-/remove-scroll-0.54.0.tgz",
      "integrity": "sha512-tUlfc7ZifWNIUqNf56Nq1wHh7eeXroV+F5F5oyxU6cs79J+jVpZHSKtXf/IXUxYnsyc//xmH7v0R5DaTgbKl/A==",
      "dependencies": {
        "@zag-js/dom-query": "0.54.0"
      }
    },
    "node_modules/@zag-js/store": {
      "version": "0.54.0",
      "resolved": "https://registry.npmjs.org/@zag-js/store/-/store-0.54.0.tgz",
      "integrity": "sha512-3WYqIEVRQhrFThFBQQl7gcE89XlwDFEK2f/xQvv8ARwXEUoJaea7flfPGkuF6x6AQ6kIwu/K4MghZYrden3O8Q==",
      "dependencies": {
        "proxy-compare": "3.0.0"
      }
    },
    "node_modules/@zag-js/text-selection": {
      "version": "0.54.0",
      "resolved": "https://registry.npmjs.org/@zag-js/text-selection/-/text-selection-0.54.0.tgz",
      "integrity": "sha512-R4nAr6W/IhpqRrh8UbkjzGYY8FlnTpwSHJeMszm39H8ZTPR3pSvgqYQDo0QsVoFx99Lcf1aOX4Fxj3b8kvsz1g==",
      "dependencies": {
        "@zag-js/dom-query": "0.54.0"
      }
    },
    "node_modules/@zag-js/types": {
      "version": "0.54.0",
      "resolved": "https://registry.npmjs.org/@zag-js/types/-/types-0.54.0.tgz",
      "integrity": "sha512-8krgIXOr31S69W+52OSWeuFshS8btG6Ztm5/UQ0ywKFdsmxrhH5Ghr5nk1vXnliwBsskIQ9P+7sZlhwfvrMTgg==",
      "dependencies": {
        "csstype": "3.1.3"
      }
    },
    "node_modules/@zag-js/utils": {
      "version": "0.54.0",
      "resolved": "https://registry.npmjs.org/@zag-js/utils/-/utils-0.54.0.tgz",
      "integrity": "sha512-xsP5/+J9UXCtBqA7HJZxR1e/317exfklPKNKi5vPfxTPiceJuJucjiP1c+m7FL9OhwsYUO5xmvmPoM26covwmw=="
    },
    "node_modules/csstype": {
      "version": "3.1.3",
      "resolved": "https://registry.npmjs.org/csstype/-/csstype-3.1.3.tgz",
      "integrity": "sha512-M1uQkMl8rQK/szD0LNhtqxIPLpimGm8sOBwU7lLnCpSbTyY3yeU1Vc7l4KT5zT4s/yOxHH5O7tIuuLOCnLADRw=="
    },
    "node_modules/focus-trap": {
      "version": "7.5.4",
      "resolved": "https://registry.npmjs.org/focus-trap/-/focus-trap-7.5.4.tgz",
      "integrity": "sha512-N7kHdlgsO/v+iD/dMoJKtsSqs5Dz/dXZVebRgJw23LDk+jMi/974zyiOYDziY2JPp8xivq9BmUGwIJMiuSBi7w==",
      "dependencies": {
        "tabbable": "^6.2.0"
      }
    },
    "node_modules/klona": {
      "version": "2.0.6",
      "resolved": "https://registry.npmjs.org/klona/-/klona-2.0.6.tgz",
      "integrity": "sha512-dhG34DXATL5hSxJbIexCft8FChFXtmskoZYnoPWjXQuebWYCNkVeV3KkGegCK9CP1oswI/vQibS2GY7Em/sJJA==",
      "engines": {
        "node": ">= 8"
      }
    },
    "node_modules/proxy-compare": {
      "version": "3.0.0",
      "resolved": "https://registry.npmjs.org/proxy-compare/-/proxy-compare-3.0.0.tgz",
      "integrity": "sha512-y44MCkgtZUCT9tZGuE278fB7PWVf7fRYy0vbRXAts2o5F0EfC4fIQrvQQGBJo1WJbFcVLXzApOscyJuZqHQc1w=="
    },
    "node_modules/tabbable": {
      "version": "6.2.0",
      "resolved": "https://registry.npmjs.org/tabbable/-/tabbable-6.2.0.tgz",
      "integrity": "sha512-Cat63mxsVJlzYvN51JmVXIgNoUokrIaT2zLclCXjRd8boZ0004U4KCs/sToJ75C6sdlByWxpYnb5Boif1VSFew=="
    }
  }
}
